
Microsoft Visual Studio Solution File, Format Version 12.00
# Visual Studio Version 16
VisualStudioVersion = 16.0.32002.261
MinimumVisualStudioVersion = 10.0.40219.1
Project("{FAE04EC0-301F-11D3-BF4B-00C04F79EFBC}") = "Jirono", "Jirono\Jirono.csproj", "{3AB6B507-43CD-45C6-80CF-6057FAC689F7}"
EndProject
Global
	GlobalSection(SolutionConfigurationPlatforms) = preSolution
		Debug|Any CPU = Debug|Any CPU
		Release|Any CPU = Release|Any CPU
	EndGlobalSection
	GlobalSection(ProjectConfigurationPlatforms) = postSolution
		{3AB6B507-43CD-45C6-80CF-6057FAC689F7}.Debug|Any CPU.ActiveCfg = Debug|Any CPU
		{3AB6B507-43CD-45C6-80CF-6057FAC689F7}.Debug|Any CPU.Build.0 = Debug|Any CPU
		{3AB6B507-43CD-45C6-80CF-6057FAC689F7}.Release|Any CPU.ActiveCfg = Release|Any CPU
		{3AB6B507-43CD-45C6-80CF-6057FAC689F7}.Release|Any CPU.Build.0 = Release|Any CPU
	EndGlobalSection
	GlobalSection(SolutionProperties) = preSolution
		HideSolutionNode = FALSE
	EndGlobalSection
	GlobalSection(ExtensibilityGlobals) = postSolution
		SolutionGuid = {89B02038-8662-4D0D-BDC4-03A501684CC4}
	EndGlobalSection
EndGlobal
